// !$*UTF8*$!
{
	archiveVersion = 1;
	classes = {
	};
	objectVersion = 56;
	objects = {

/* Begin PBXBuildFile section */
		CF9D9F222C62B33E00C53503 /* ThreePanelSplitViewApp.swift in Sources */ = {isa = PBXBuildFile; fileRef = CF9D9F212C62B33E00C53503 /* ThreePanelSplitViewApp.swift */; };
		CF9D9F242C62B33E00C53503 /* ContentView.swift in Sources */ = {isa = PBXBuildFile; fileRef = CF9D9F232C62B33E00C53503 /* ContentView.swift */; };
		CF9D9F282C62B34200C53503 /* Assets.xcassets in Resources */ = {isa = PBXBuildFile; fileRef = CF9D9F272C62B34200C53503 /* Assets.xcassets */; };
		CF9D9F2C2C62B34200C53503 /* Preview Assets.xcassets in Resources */ = {isa = PBXBuildFile; fileRef = CF9D9F2B2C62B34200C53503 /* Preview Assets.xcassets */; };
		CF9D9F392C62B36700C53503 /* Group.swift in Sources */ = {isa = PBXBuildFile; fileRef = CF9D9F322C62B36400C53503 /* Group.swift */; };
		CF9D9F3A2C62B36700C53503 /* WordType.swift in Sources */ = {isa = PBXBuildFile; fileRef = CF9D9F332C62B36500C53503 /* WordType.swift */; };
		CF9D9F3B2C62B36700C53503 /* Word.swift in Sources */ = {isa = PBXBuildFile; fileRef = CF9D9F342C62B36500C53503 /* Word.swift */; };
		CF9D9F3C2C62B36700C53503 /* Source.swift in Sources */ = {isa = PBXBuildFile; fileRef = CF9D9F352C62B36600C53503 /* Source.swift */; };
		CF9D9F3D2C62B36700C53503 /* SampleDataManager.swift in Sources */ = {isa = PBXBuildFile; fileRef = CF9D9F362C62B36600C53503 /* SampleDataManager.swift */; };
		CF9D9F3E2C62B36700C53503 /* Definition.swift in Sources */ = {isa = PBXBuildFile; fileRef = CF9D9F372C62B36600C53503 /* Definition.swift */; };
		CF9D9F3F2C62B36700C53503 /* Nameable.swift in Sources */ = {isa = PBXBuildFile; fileRef = CF9D9F382C62B36700C53503 /* Nameable.swift */; };
		CF9D9F422C62B3E300C53503 /* Sidebar.swift in Sources */ = {isa = PBXBuildFile; fileRef = CF9D9F412C62B3E300C53503 /* Sidebar.swift */; };
		CF9D9F442C62B6C900C53503 /* SidebarRow.swift in Sources */ = {isa = PBXBuildFile; fileRef = CF9D9F432C62B6C900C53503 /* SidebarRow.swift */; };
		CF9D9F462C62BB6A00C53503 /* WordsList.swift in Sources */ = {isa = PBXBuildFile; fileRef = CF9D9F452C62BB6900C53503 /* WordsList.swift */; };
		CF9D9F482C62BD2800C53503 /* WordRow.swift in Sources */ = {isa = PBXBuildFile; fileRef = CF9D9F472C62BD2700C53503 /* WordRow.swift */; };
		CF9D9F4A2C62BDB800C53503 /* WordDetail.swift in Sources */ = {isa = PBXBuildFile; fileRef = CF9D9F492C62BDB800C53503 /* WordDetail.swift */; };
		CF9D9F4C2C62C48100C53503 /* NewWordSheet.swift in Sources */ = {isa = PBXBuildFile; fileRef = CF9D9F4B2C62C48100C53503 /* NewWordSheet.swift */; };
		CFAE90D92C6404E8001DE67A /* Image.swift in Sources */ = {isa = PBXBuildFile; fileRef = CFAE90D82C6404E8001DE67A /* Image.swift */; };
		CFAE90DB2C667E72001DE67A /* DefinitionView.swift in Sources */ = {isa = PBXBuildFile; fileRef = CFAE90DA2C667E72001DE67A /* DefinitionView.swift */; };
		CFAE90DD2C6680D0001DE67A /* WordBanner.swift in Sources */ = {isa = PBXBuildFile; fileRef = CFAE90DC2C6680D0001DE67A /* WordBanner.swift */; };
/* End PBXBuildFile section */

/* Begin PBXFileReference section */
		CF9D9F1E2C62B33E00C53503 /* ThreePanelSplitView.app */ = {isa = PBXFileReference; explicitFileType = wrapper.application; includeInIndex = 0; path = ThreePanelSplitView.app; sourceTree = BUILT_PRODUCTS_DIR; };
		CF9D9F212C62B33E00C53503 /* ThreePanelSplitViewApp.swift */ = {isa = PBXFileReference; lastKnownFileType = sourcecode.swift; path = ThreePanelSplitViewApp.swift; sourceTree = "<group>"; };
		CF9D9F232C62B33E00C53503 /* ContentView.swift */ = {isa = PBXFileReference; lastKnownFileType = sourcecode.swift; path = ContentView.swift; sourceTree = "<group>"; };
		CF9D9F272C62B34200C53503 /* Assets.xcassets */ = {isa = PBXFileReference; lastKnownFileType = folder.assetcatalog; path = Assets.xcassets; sourceTree = "<group>"; };
		CF9D9F292C62B34200C53503 /* ThreePanelSplitView.entitlements */ = {isa = PBXFileReference; lastKnownFileType = text.plist.entitlements; path = ThreePanelSplitView.entitlements; sourceTree = "<group>"; };
		CF9D9F2B2C62B34200C53503 /* Preview Assets.xcassets */ = {isa = PBXFileReference; lastKnownFileType = folder.assetcatalog; path = "Preview Assets.xcassets"; sourceTree = "<group>"; };
		CF9D9F322C62B36400C53503 /* Group.swift */ = {isa = PBXFileReference; fileEncoding = 4; lastKnownFileType = sourcecode.swift; path = Group.swift; sourceTree = "<group>"; };
		CF9D9F332C62B36500C53503 /* WordType.swift */ = {isa = PBXFileReference; fileEncoding = 4; lastKnownFileType = sourcecode.swift; path = WordType.swift; sourceTree = "<group>"; };
		CF9D9F342C62B36500C53503 /* Word.swift */ = {isa = PBXFileReference; fileEncoding = 4; lastKnownFileType = sourcecode.swift; path = Word.swift; sourceTree = "<group>"; };
		CF9D9F352C62B36600C53503 /* Source.swift */ = {isa = PBXFileReference; fileEncoding = 4; lastKnownFileType = sourcecode.swift; path = Source.swift; sourceTree = "<group>"; };
		CF9D9F362C62B36600C53503 /* SampleDataManager.swift */ = {isa = PBXFileReference; fileEncoding = 4; lastKnownFileType = sourcecode.swift; path = SampleDataManager.swift; sourceTree = "<group>"; };
		CF9D9F372C62B36600C53503 /* Definition.swift */ = {isa = PBXFileReference; fileEncoding = 4; lastKnownFileType = sourcecode.swift; path = Definition.swift; sourceTree = "<group>"; };
		CF9D9F382C62B36700C53503 /* Nameable.swift */ = {isa = PBXFileReference; fileEncoding = 4; lastKnownFileType = sourcecode.swift; path = Nameable.swift; sourceTree = "<group>"; };
		CF9D9F412C62B3E300C53503 /* Sidebar.swift */ = {isa = PBXFileReference; lastKnownFileType = sourcecode.swift; path = Sidebar.swift; sourceTree = "<group>"; };
		CF9D9F432C62B6C900C53503 /* SidebarRow.swift */ = {isa = PBXFileReference; lastKnownFileType = sourcecode.swift; path = SidebarRow.swift; sourceTree = "<group>"; };
		CF9D9F452C62BB6900C53503 /* WordsList.swift */ = {isa = PBXFileReference; lastKnownFileType = sourcecode.swift; path = WordsList.swift; sourceTree = "<group>"; };
		CF9D9F472C62BD2700C53503 /* WordRow.swift */ = {isa = PBXFileReference; lastKnownFileType = sourcecode.swift; path = WordRow.swift; sourceTree = "<group>"; };
		CF9D9F492C62BDB800C53503 /* WordDetail.swift */ = {isa = PBXFileReference; lastKnownFileType = sourcecode.swift; path = WordDetail.swift; sourceTree = "<group>"; };
		CF9D9F4B2C62C48100C53503 /* NewWordSheet.swift */ = {isa = PBXFileReference; fileEncoding = 4; lastKnownFileType = sourcecode.swift; path = NewWordSheet.swift; sourceTree = "<group>"; };
		CFAE90D82C6404E8001DE67A /* Image.swift */ = {isa = PBXFileReference; lastKnownFileType = sourcecode.swift; path = Image.swift; sourceTree = "<group>"; };
		CFAE90DA2C667E72001DE67A /* DefinitionView.swift */ = {isa = PBXFileReference; lastKnownFileType = sourcecode.swift; path = DefinitionView.swift; sourceTree = "<group>"; };
		CFAE90DC2C6680D0001DE67A /* WordBanner.swift */ = {isa = PBXFileReference; lastKnownFileType = sourcecode.swift; path = WordBanner.swift; sourceTree = "<group>"; };
/* End PBXFileReference section */

/* Begin PBXFrameworksBuildPhase section */
		CF9D9F1B2C62B33E00C53503 /* Frameworks */ = {
			isa = PBXFrameworksBuildPhase;
			buildActionMask = 2147483647;
			files = (
			);
			runOnlyForDeploymentPostprocessing = 0;
		};
/* End PBXFrameworksBuildPhase section */

/* Begin PBXGroup section */
		CF9D9F152C62B33E00C53503 = {
			isa = PBXGroup;
			children = (
				CFAE90DC2C6680D0001DE67A /* WordBanner.swift */,
				CF9D9F202C62B33E00C53503 /* ThreePanelSplitView */,
				CF9D9F1F2C62B33E00C53503 /* Products */,
			);
			sourceTree = "<group>";
		};
		CF9D9F1F2C62B33E00C53503 /* Products */ = {
			isa = PBXGroup;
			children = (
				CF9D9F1E2C62B33E00C53503 /* ThreePanelSplitView.app */,
			);
			name = Products;
			sourceTree = "<group>";
		};
		CF9D9F202C62B33E00C53503 /* ThreePanelSplitView */ = {
			isa = PBXGroup;
			children = (
				CF9D9F212C62B33E00C53503 /* ThreePanelSplitViewApp.swift */,
				CF9D9F232C62B33E00C53503 /* ContentView.swift */,
				CF9D9F492C62BDB800C53503 /* WordDetail.swift */,
				CFAE90DA2C667E72001DE67A /* DefinitionView.swift */,
				CF9D9F452C62BB6900C53503 /* WordsList.swift */,
				CF9D9F472C62BD2700C53503 /* WordRow.swift */,
				CF9D9F412C62B3E300C53503 /* Sidebar.swift */,
				CF9D9F4B2C62C48100C53503 /* NewWordSheet.swift */,
				CF9D9F432C62B6C900C53503 /* SidebarRow.swift */,
				CF9D9F272C62B34200C53503 /* Assets.xcassets */,
				CF9D9F292C62B34200C53503 /* ThreePanelSplitView.entitlements */,
				CF9D9F402C62B36F00C53503 /* Model */,
				CF9D9F2A2C62B34200C53503 /* Preview Content */,
			);
			path = ThreePanelSplitView;
			sourceTree = "<group>";
		};
		CF9D9F2A2C62B34200C53503 /* Preview Content */ = {
			isa = PBXGroup;
			children = (
				CF9D9F2B2C62B34200C53503 /* Preview Assets.xcassets */,
			);
			path = "Preview Content";
			sourceTree = "<group>";
		};
		CF9D9F402C62B36F00C53503 /* Model */ = {
			isa = PBXGroup;
			children = (
				CF9D9F322C62B36400C53503 /* Group.swift */,
				CF9D9F382C62B36700C53503 /* Nameable.swift */,
				CF9D9F362C62B36600C53503 /* SampleDataManager.swift */,
				CF9D9F352C62B36600C53503 /* Source.swift */,
				CF9D9F342C62B36500C53503 /* Word.swift */,
				CF9D9F372C62B36600C53503 /* Definition.swift */,
				CFAE90D82C6404E8001DE67A /* Image.swift */,
				CF9D9F332C62B36500C53503 /* WordType.swift */,
			);
			path = Model;
			sourceTree = "<group>";
		};
/* End PBXGroup section */

/* Begin PBXNativeTarget section */
		CF9D9F1D2C62B33E00C53503 /* ThreePanelSplitView */ = {
			isa = PBXNativeTarget;
			buildConfigurationList = CF9D9F2F2C62B34200C53503 /* Build configuration list for PBXNativeTarget "ThreePanelSplitView" */;
			buildPhases = (
				CF9D9F1A2C62B33E00C53503 /* Sources */,
				CF9D9F1B2C62B33E00C53503 /* Frameworks */,
				CF9D9F1C2C62B33E00C53503 /* Resources */,
			);
			buildRules = (
			);
			dependencies = (
			);
			name = ThreePanelSplitView;
			productName = ThreePanelSplitView;
			productReference = CF9D9F1E2C62B33E00C53503 /* ThreePanelSplitView.app */;
			productType = "com.apple.product-type.application";
		};
/* End PBXNativeTarget section */

/* Begin PBXProject section */
		CF9D9F162C62B33E00C53503 /* Project object */ = {
			isa = PBXProject;
			attributes = {
				BuildIndependentTargetsInParallel = 1;
				LastSwiftUpdateCheck = 1540;
				LastUpgradeCheck = 1540;
				TargetAttributes = {
					CF9D9F1D2C62B33E00C53503 = {
						CreatedOnToolsVersion = 15.4;
					};
				};
			};
			buildConfigurationList = CF9D9F192C62B33E00C53503 /* Build configuration list for PBXProject "ThreePanelSplitView" */;
			compatibilityVersion = "Xcode 14.0";
			developmentRegion = en;
			hasScannedForEncodings = 0;
			knownRegions = (
				en,
				Base,
			);
			mainGroup = CF9D9F152C62B33E00C53503;
			productRefGroup = CF9D9F1F2C62B33E00C53503 /* Products */;
			projectDirPath = "";
			projectRoot = "";
			targets = (
				CF9D9F1D2C62B33E00C53503 /* ThreePanelSplitView */,
			);
		};
/* End PBXProject section */

/* Begin PBXResourcesBuildPhase section */
		CF9D9F1C2C62B33E00C53503 /* Resources */ = {
			isa = PBXResourcesBuildPhase;
			buildActionMask = 2147483647;
			files = (
				CF9D9F2C2C62B34200C53503 /* Preview Assets.xcassets in Resources */,
				CF9D9F282C62B34200C53503 /* Assets.xcassets in Resources */,
			);
			runOnlyForDeploymentPostprocessing = 0;
		};
/* End PBXResourcesBuildPhase section */

/* Begin PBXSourcesBuildPhase section */
		CF9D9F1A2C62B33E00C53503 /* Sources */ = {
			isa = PBXSourcesBuildPhase;
			buildActionMask = 2147483647;
			files = (
				CF9D9F4A2C62BDB800C53503 /* WordDetail.swift in Sources */,
				CF9D9F242C62B33E00C53503 /* ContentView.swift in Sources */,
				CF9D9F462C62BB6A00C53503 /* WordsList.swift in Sources */,
				CFAE90DD2C6680D0001DE67A /* WordBanner.swift in Sources */,
				CF9D9F4C2C62C48100C53503 /* NewWordSheet.swift in Sources */,
				CF9D9F3E2C62B36700C53503 /* Definition.swift in Sources */,
				CF9D9F442C62B6C900C53503 /* SidebarRow.swift in Sources */,
				CF9D9F3D2C62B36700C53503 /* SampleDataManager.swift in Sources */,
				CF9D9F3A2C62B36700C53503 /* WordType.swift in Sources */,
				CFAE90DB2C667E72001DE67A /* DefinitionView.swift in Sources */,
				CF9D9F3C2C62B36700C53503 /* Source.swift in Sources */,
				CFAE90D92C6404E8001DE67A /* Image.swift in Sources */,
				CF9D9F3F2C62B36700C53503 /* Nameable.swift in Sources */,
				CF9D9F222C62B33E00C53503 /* ThreePanelSplitViewApp.swift in Sources */,
				CF9D9F482C62BD2800C53503 /* WordRow.swift in Sources */,
				CF9D9F422C62B3E300C53503 /* Sidebar.swift in Sources */,
				CF9D9F392C62B36700C53503 /* Group.swift in Sources */,
				CF9D9F3B2C62B36700C53503 /* Word.swift in Sources */,
			);
			runOnlyForDeploymentPostprocessing = 0;
		};
/* End PBXSourcesBuildPhase section */

/* Begin XCBuildConfiguration section */
		CF9D9F2D2C62B34200C53503 /* Debug */ = {
			isa = XCBuildConfiguration;
			buildSettings = {
				ALWAYS_SEARCH_USER_PATHS = NO;
				ASSETCATALOG_COMPILER_GENERATE_SWIFT_ASSET_SYMBOL_EXTENSIONS = YES;
				CLANG_ANALYZER_NONNULL = YES;
				CLANG_ANALYZER_NUMBER_OBJECT_CONVERSION = YES_AGGRESSIVE;
				CLANG_CXX_LANGUAGE_STANDARD = "gnu++20";
				CLANG_ENABLE_MODULES = YES;
				CLANG_ENABLE_OBJC_ARC = YES;
				CLANG_ENABLE_OBJC_WEAK = YES;
				CLANG_WARN_BLOCK_CAPTURE_AUTORELEASING = YES;
				CLANG_WARN_BOOL_CONVERSION = YES;
				CLANG_WARN_COMMA = YES;
				CLANG_WARN_CONSTANT_CONVERSION = YES;
				CLANG_WARN_DEPRECATED_OBJC_IMPLEMENTATIONS = YES;
				CLANG_WARN_DIRECT_OBJC_ISA_USAGE = YES_ERROR;
				CLANG_WARN_DOCUMENTATION_COMMENTS = YES;
				CLANG_WARN_EMPTY_BODY = YES;
				CLANG_WARN_ENUM_CONVERSION = YES;
				CLANG_WARN_INFINITE_RECURSION = YES;
				CLANG_WARN_INT_CONVERSION = YES;
				CLANG_WARN_NON_LITERAL_NULL_CONVERSION = YES;
				CLANG_WARN_OBJC_IMPLICIT_RETAIN_SELF = YES;
				CLANG_WARN_OBJC_LITERAL_CONVERSION = YES;
				CLANG_WARN_OBJC_ROOT_CLASS = YES_ERROR;
				CLANG_WARN_QUOTED_INCLUDE_IN_FRAMEWORK_HEADER = YES;
				CLANG_WARN_RANGE_LOOP_ANALYSIS = YES;
				CLANG_WARN_STRICT_PROTOTYPES = YES;
				CLANG_WARN_SUSPICIOUS_MOVE = YES;
				CLANG_WARN_UNGUARDED_AVAILABILITY = YES_AGGRESSIVE;
				CLANG_WARN_UNREACHABLE_CODE = YES;
				CLANG_WARN__DUPLICATE_METHOD_MATCH = YES;
				COPY_PHASE_STRIP = NO;
				DEBUG_INFORMATION_FORMAT = dwarf;
				ENABLE_STRICT_OBJC_MSGSEND = YES;
				ENABLE_TESTABILITY = YES;
				ENABLE_USER_SCRIPT_SANDBOXING = YES;
				GCC_C_LANGUAGE_STANDARD = gnu17;
				GCC_DYNAMIC_NO_PIC = NO;
				GCC_NO_COMMON_BLOCKS = YES;
				GCC_OPTIMIZATION_LEVEL = 0;
				GCC_PREPROCESSOR_DEFINITIONS = (
					"DEBUG=1",
					"$(inherited)",
				);
				GCC_WARN_64_TO_32_BIT_CONVERSION = YES;
				GCC_WARN_ABOUT_RETURN_TYPE = YES_ERROR;
				GCC_WARN_UNDECLARED_SELECTOR = YES;
				GCC_WARN_UNINITIALIZED_AUTOS = YES_AGGRESSIVE;
				GCC_WARN_UNUSED_FUNCTION = YES;
				GCC_WARN_UNUSED_VARIABLE = YES;
				LOCALIZATION_PREFERS_STRING_CATALOGS = YES;
				MTL_ENABLE_DEBUG_INFO = INCLUDE_SOURCE;
				MTL_FAST_MATH = YES;
				ONLY_ACTIVE_ARCH = YES;
				SWIFT_ACTIVE_COMPILATION_CONDITIONS = "DEBUG $(inherited)";
				SWIFT_OPTIMIZATION_LEVEL = "-Onone";
			};
			name = Debug;
		};
		CF9D9F2E2C62B34200C53503 /* Release */ = {
			isa = XCBuildConfiguration;
			buildSettings = {
				ALWAYS_SEARCH_USER_PATHS = NO;
				ASSETCATALOG_COMPILER_GENERATE_SWIFT_ASSET_SYMBOL_EXTENSIONS = YES;
				CLANG_ANALYZER_NONNULL = YES;
				CLANG_ANALYZER_NUMBER_OBJECT_CONVERSION = YES_AGGRESSIVE;
				CLANG_CXX_LANGUAGE_STANDARD = "gnu++20";
				CLANG_ENABLE_MODULES = YES;
				CLANG_ENABLE_OBJC_ARC = YES;
				CLANG_ENABLE_OBJC_WEAK = YES;
				CLANG_WARN_BLOCK_CAPTURE_AUTORELEASING = YES;
				CLANG_WARN_BOOL_CONVERSION = YES;
				CLANG_WARN_COMMA = YES;
				CLANG_WARN_CONSTANT_CONVERSION = YES;
				CLANG_WARN_DEPRECATED_OBJC_IMPLEMENTATIONS = YES;
				CLANG_WARN_DIRECT_OBJC_ISA_USAGE = YES_ERROR;
				CLANG_WARN_DOCUMENTATION_COMMENTS = YES;
				CLANG_WARN_EMPTY_BODY = YES;
				CLANG_WARN_ENUM_CONVERSION = YES;
				CLANG_WARN_INFINITE_RECURSION = YES;
				CLANG_WARN_INT_CONVERSION = YES;
				CLANG_WARN_NON_LITERAL_NULL_CONVERSION = YES;
				CLANG_WARN_OBJC_IMPLICIT_RETAIN_SELF = YES;
				CLANG_WARN_OBJC_LITERAL_CONVERSION = YES;
				CLANG_WARN_OBJC_ROOT_CLASS = YES_ERROR;
				CLANG_WARN_QUOTED_INCLUDE_IN_FRAMEWORK_HEADER = YES;
				CLANG_WARN_RANGE_LOOP_ANALYSIS = YES;
				CLANG_WARN_STRICT_PROTOTYPES = YES;
				CLANG_WARN_SUSPICIOUS_MOVE = YES;
				CLANG_WARN_UNGUARDED_AVAILABILITY = YES_AGGRESSIVE;
				CLANG_WARN_UNREACHABLE_CODE = YES;
				CLANG_WARN__DUPLICATE_METHOD_MATCH = YES;
				COPY_PHASE_STRIP = NO;
				DEBUG_INFORMATION_FORMAT = "dwarf-with-dsym";
				ENABLE_NS_ASSERTIONS = NO;
				ENABLE_STRICT_OBJC_MSGSEND = YES;
				ENABLE_USER_SCRIPT_SANDBOXING = YES;
				GCC_C_LANGUAGE_STANDARD = gnu17;
				GCC_NO_COMMON_BLOCKS = YES;
				GCC_WARN_64_TO_32_BIT_CONVERSION = YES;
				GCC_WARN_ABOUT_RETURN_TYPE = YES_ERROR;
				GCC_WARN_UNDECLARED_SELECTOR = YES;
				GCC_WARN_UNINITIALIZED_AUTOS = YES_AGGRESSIVE;
				GCC_WARN_UNUSED_FUNCTION = YES;
				GCC_WARN_UNUSED_VARIABLE = YES;
				LOCALIZATION_PREFERS_STRING_CATALOGS = YES;
				MTL_ENABLE_DEBUG_INFO = NO;
				MTL_FAST_MATH = YES;
				SWIFT_COMPILATION_MODE = wholemodule;
			};
			name = Release;
		};
		CF9D9F302C62B34200C53503 /* Debug */ = {
			isa = XCBuildConfiguration;
			buildSettings = {
				ASSETCATALOG_COMPILER_APPICON_NAME = AppIcon;
				ASSETCATALOG_COMPILER_GLOBAL_ACCENT_COLOR_NAME = AccentColor;
				CODE_SIGN_ENTITLEMENTS = ThreePanelSplitView/ThreePanelSplitView.entitlements;
				"CODE_SIGN_IDENTITY[sdk=macosx*]" = "Apple Development";
				CODE_SIGN_STYLE = Automatic;
				CURRENT_PROJECT_VERSION = 1;
				DEVELOPMENT_ASSET_PATHS = "\"ThreePanelSplitView/Preview Content\"";
				DEVELOPMENT_TEAM = RLT3Y7VWF4;
				ENABLE_HARDENED_RUNTIME = YES;
				ENABLE_PREVIEWS = YES;
				GENERATE_INFOPLIST_FILE = YES;
				"INFOPLIST_KEY_UIApplicationSceneManifest_Generation[sdk=iphoneos*]" = YES;
				"INFOPLIST_KEY_UIApplicationSceneManifest_Generation[sdk=iphonesimulator*]" = YES;
				"INFOPLIST_KEY_UIApplicationSupportsIndirectInputEvents[sdk=iphoneos*]" = YES;
				"INFOPLIST_KEY_UIApplicationSupportsIndirectInputEvents[sdk=iphonesimulator*]" = YES;
				"INFOPLIST_KEY_UILaunchScreen_Generation[sdk=iphoneos*]" = YES;
				"INFOPLIST_KEY_UILaunchScreen_Generation[sdk=iphonesimulator*]" = YES;
				"INFOPLIST_KEY_UIStatusBarStyle[sdk=iphoneos*]" = UIStatusBarStyleDefault;
				"INFOPLIST_KEY_UIStatusBarStyle[sdk=iphonesimulator*]" = UIStatusBarStyleDefault;
				INFOPLIST_KEY_UISupportedInterfaceOrientations_iPad = "UIInterfaceOrientationPortrait UIInterfaceOrientationPortraitUpsideDown UIInterfaceOrientationLandscapeLeft UIInterfaceOrientationLandscapeRight";
				INFOPLIST_KEY_UISupportedInterfaceOrientations_iPhone = "UIInterfaceOrientationPortrait UIInterfaceOrientationLandscapeLeft UIInterfaceOrientationLandscapeRight";
				IPHONEOS_DEPLOYMENT_TARGET = 17.5;
				LD_RUNPATH_SEARCH_PATHS = "@executable_path/Frameworks";
				"LD_RUNPATH_SEARCH_PATHS[sdk=macosx*]" = "@executable_path/../Frameworks";
				MACOSX_DEPLOYMENT_TARGET = 14.0;
				MARKETING_VERSION = 1.0;
				PRODUCT_BUNDLE_IDENTIFIER = com.paulpatterson.ThreePanelSplitView;
				PRODUCT_NAME = "$(TARGET_NAME)";
				SDKROOT = auto;
				SUPPORTED_PLATFORMS = "iphoneos iphonesimulator macosx";
				SWIFT_EMIT_LOC_STRINGS = YES;
				SWIFT_VERSION = 5.0;
				TARGETED_DEVICE_FAMILY = "1,2";
			};
			name = Debug;
		};
		CF9D9F312C62B34200C53503 /* Release */ = {
			isa = XCBuildConfiguration;
			buildSettings = {
				ASSETCATALOG_COMPILER_APPICON_NAME = AppIcon;
				ASSETCATALOG_COMPILER_GLOBAL_ACCENT_COLOR_NAME = AccentColor;
				CODE_SIGN_ENTITLEMENTS = ThreePanelSplitView/ThreePanelSplitView.entitlements;
				"CODE_SIGN_IDENTITY[sdk=macosx*]" = "Apple Development";
				CODE_SIGN_STYLE = Automatic;
				CURRENT_PROJECT_VERSION = 1;
				DEVELOPMENT_ASSET_PATHS = "\"ThreePanelSplitView/Preview Content\"";
				DEVELOPMENT_TEAM = RLT3Y7VWF4;
				ENABLE_HARDENED_RUNTIME = YES;
				ENABLE_PREVIEWS = YES;
				GENERATE_INFOPLIST_FILE = YES;
				"INFOPLIST_KEY_UIApplicationSceneManifest_Generation[sdk=iphoneos*]" = YES;
				"INFOPLIST_KEY_UIApplicationSceneManifest_Generation[sdk=iphonesimulator*]" = YES;
				"INFOPLIST_KEY_UIApplicationSupportsIndirectInputEvents[sdk=iphoneos*]" = YES;
				"INFOPLIST_KEY_UIApplicationSupportsIndirectInputEvents[sdk=iphonesimulator*]" = YES;
				"INFOPLIST_KEY_UILaunchScreen_Generation[sdk=iphoneos*]" = YES;
				"INFOPLIST_KEY_UILaunchScreen_Generation[sdk=iphonesimulator*]" = YES;
				"INFOPLIST_KEY_UIStatusBarStyle[sdk=iphoneos*]" = UIStatusBarStyleDefault;
				"INFOPLIST_KEY_UIStatusBarStyle[sdk=iphonesimulator*]" = UIStatusBarStyleDefault;
				INFOPLIST_KEY_UISupportedInterfaceOrientations_iPad = "UIInterfaceOrientationPortrait UIInterfaceOrientationPortraitUpsideDown UIInterfaceOrientationLandscapeLeft UIInterfaceOrientationLandscapeRight";
				INFOPLIST_KEY_UISupportedInterfaceOrientations_iPhone = "UIInterfaceOrientationPortrait UIInterfaceOrientationLandscapeLeft UIInterfaceOrientationLandscapeRight";
				IPHONEOS_DEPLOYMENT_TARGET = 17.5;
				LD_RUNPATH_SEARCH_PATHS = "@executable_path/Frameworks";
				"LD_RUNPATH_SEARCH_PATHS[sdk=macosx*]" = "@executable_path/../Frameworks";
				MACOSX_DEPLOYMENT_TARGET = 14.0;
				MARKETING_VERSION = 1.0;
				PRODUCT_BUNDLE_IDENTIFIER = com.paulpatterson.ThreePanelSplitView;
				PRODUCT_NAME = "$(TARGET_NAME)";
				SDKROOT = auto;
				SUPPORTED_PLATFORMS = "iphoneos iphonesimulator macosx";
				SWIFT_EMIT_LOC_STRINGS = YES;
				SWIFT_VERSION = 5.0;
				TARGETED_DEVICE_FAMILY = "1,2";
			};
			name = Release;
		};
/* End XCBuildConfiguration section */

/* Begin XCConfigurationList section */
		CF9D9F192C62B33E00C53503 /* Build configuration list for PBXProject "ThreePanelSplitView" */ = {
			isa = XCConfigurationList;
			buildConfigurations = (
				CF9D9F2D2C62B34200C53503 /* Debug */,
				CF9D9F2E2C62B34200C53503 /* Release */,
			);
			defaultConfigurationIsVisible = 0;
			defaultConfigurationName = Release;
		};
		CF9D9F2F2C62B34200C53503 /* Build configuration list for PBXNativeTarget "ThreePanelSplitView" */ = {
			isa = XCConfigurationList;
			buildConfigurations = (
				CF9D9F302C62B34200C53503 /* Debug */,
				CF9D9F312C62B34200C53503 /* Release */,
			);
			defaultConfigurationIsVisible = 0;
			defaultConfigurationName = Release;
		};
/* End XCConfigurationList section */
	};
	rootObject = CF9D9F162C62B33E00C53503 /* Project object */;
}
